
Microsoft Visual Studio Solution File, Format Version 12.00
# Visual Studio 14
VisualStudioVersion = 14.0.25420.1
MinimumVisualStudioVersion = 10.0.40219.1
Project("{FAE04EC0-301F-11D3-BF4B-00C04F79EFBC}") = "App1", "App1\App1\App1.csproj", "{6A58AD44-B322-4C63-AE93-91A2BD96431E}"
EndProject
Project("{FAE04EC0-301F-11D3-BF4B-00C04F79EFBC}") = "App1.Droid", "App1\App1.Droid\App1.Droid.csproj", "{9D4299AC-9530-4CDF-8332-F32DDB88DA92}"
EndProject
Project("{FAE04EC0-301F-11D3-BF4B-00C04F79EFBC}") = "App1.iOS", "App1\App1.iOS\App1.iOS.csproj", "{EED1FDBA-B90F-4C57-9841-D1C9DF042E80}"
EndProject
Project("{FAE04EC0-301F-11D3-BF4B-00C04F79EFBC}") = "App1.WinPhone", "App1\App1.WinPhone\App1.WinPhone.csproj", "{5831EEF9-893E-4D58-9088-8E666E725656}"
EndProject
Project("{FAE04EC0-301F-11D3-BF4B-00C04F79EFBC}") = "App1.UWP", "App1\App1.UWP\App1.UWP.csproj", "{0F3BD59D-48DD-4675-BE65-7A1DB52C5839}"
EndProject
Project("{FAE04EC0-301F-11D3-BF4B-00C04F79EFBC}") = "App1.Windows", "App1\App1.Windows\App1.Windows.csproj", "{0E733887-F8C2-45D2-9AD3-4BC0CF02CD0D}"
EndProject
Global
	GlobalSection(SolutionConfigurationPlatforms) = preSolution
		Ad-Hoc|Any CPU = Ad-Hoc|Any CPU
		Ad-Hoc|ARM = Ad-Hoc|ARM
		Ad-Hoc|iPhone = Ad-Hoc|iPhone
		Ad-Hoc|iPhoneSimulator = Ad-Hoc|iPhoneSimulator
		Ad-Hoc|x64 = Ad-Hoc|x64
		Ad-Hoc|x86 = Ad-Hoc|x86
		AppStore|Any CPU = AppStore|Any CPU
		AppStore|ARM = AppStore|ARM
		AppStore|iPhone = AppStore|iPhone
		AppStore|iPhoneSimulator = AppStore|iPhoneSimulator
		AppStore|x64 = AppStore|x64
		AppStore|x86 = AppStore|x86
		Debug|Any CPU = Debug|Any CPU
		Debug|ARM = Debug|ARM
		Debug|iPhone = Debug|iPhone
		Debug|iPhoneSimulator = Debug|iPhoneSimulator
		Debug|x64 = Debug|x64
		Debug|x86 = Debug|x86
		Release|Any CPU = Release|Any CPU
		Release|ARM = Release|ARM
		Release|iPhone = Release|iPhone
		Release|iPhoneSimulator = Release|iPhoneSimulator
		Release|x64 = Release|x64
		Release|x86 = Release|x86
	EndGlobalSection
	GlobalSection(ProjectConfigurationPlatforms) = postSolution
		{6A58AD44-B322-4C63-AE93-91A2BD96431E}.Ad-Hoc|Any CPU.ActiveCfg = Release|Any CPU
		{6A58AD44-B322-4C63-AE93-91A2BD96431E}.Ad-Hoc|Any CPU.Build.0 = Release|Any CPU
		{6A58AD44-B322-4C63-AE93-91A2BD96431E}.Ad-Hoc|ARM.ActiveCfg = Release|Any CPU
		{6A58AD44-B322-4C63-AE93-91A2BD96431E}.Ad-Hoc|ARM.Build.0 = Release|Any CPU
		{6A58AD44-B322-4C63-AE93-91A2BD96431E}.Ad-Hoc|iPhone.ActiveCfg = Release|Any CPU
		{6A58AD44-B322-4C63-AE93-91A2BD96431E}.Ad-Hoc|iPhone.Build.0 = Release|Any CPU
		{6A58AD44-B322-4C63-AE93-91A2BD96431E}.Ad-Hoc|iPhoneSimulator.ActiveCfg = Release|Any CPU
		{6A58AD44-B322-4C63-AE93-91A2BD96431E}.Ad-Hoc|iPhoneSimulator.Build.0 = Release|Any CPU
		{6A58AD44-B322-4C63-AE93-91A2BD96431E}.Ad-Hoc|x64.ActiveCfg = Release|Any CPU
		{6A58AD44-B322-4C63-AE93-91A2BD96431E}.Ad-Hoc|x64.Build.0 = Release|Any CPU
		{6A58AD44-B322-4C63-AE93-91A2BD96431E}.Ad-Hoc|x86.ActiveCfg = Release|Any CPU
		{6A58AD44-B322-4C63-AE93-91A2BD96431E}.Ad-Hoc|x86.Build.0 = Release|Any CPU
		{6A58AD44-B322-4C63-AE93-91A2BD96431E}.AppStore|Any CPU.ActiveCfg = Release|Any CPU
		{6A58AD44-B322-4C63-AE93-91A2BD96431E}.AppStore|Any CPU.Build.0 = Release|Any CPU
		{6A58AD44-B322-4C63-AE93-91A2BD96431E}.AppStore|ARM.ActiveCfg = Release|Any CPU
		{6A58AD44-B322-4C63-AE93-91A2BD96431E}.AppStore|ARM.Build.0 = Release|Any CPU
		{6A58AD44-B322-4C63-AE93-91A2BD96431E}.AppStore|iPhone.ActiveCfg = Release|Any CPU
		{6A58AD44-B322-4C63-AE93-91A2BD96431E}.AppStore|iPhone.Build.0 = Release|Any CPU
		{6A58AD44-B322-4C63-AE93-91A2BD96431E}.AppStore|iPhoneSimulator.ActiveCfg = Release|Any CPU
		{6A58AD44-B322-4C63-AE93-91A2BD96431E}.AppStore|iPhoneSimulator.Build.0 = Release|Any CPU
		{6A58AD44-B322-4C63-AE93-91A2BD96431E}.AppStore|x64.ActiveCfg = Release|Any CPU
		{6A58AD44-B322-4C63-AE93-91A2BD96431E}.AppStore|x64.Build.0 = Release|Any CPU
		{6A58AD44-B322-4C63-AE93-91A2BD96431E}.AppStore|x86.ActiveCfg = Release|Any CPU
		{6A58AD44-B322-4C63-AE93-91A2BD96431E}.AppStore|x86.Build.0 = Release|Any CPU
		{6A58AD44-B322-4C63-AE93-91A2BD96431E}.Debug|Any CPU.ActiveCfg = Debug|Any CPU
		{6A58AD44-B322-4C63-AE93-91A2BD96431E}.Debug|Any CPU.Build.0 = Debug|Any CPU
		{6A58AD44-B322-4C63-AE93-91A2BD96431E}.Debug|ARM.ActiveCfg = Debug|Any CPU
		{6A58AD44-B322-4C63-AE93-91A2BD96431E}.Debug|ARM.Build.0 = Debug|Any CPU
		{6A58AD44-B322-4C63-AE93-91A2BD96431E}.Debug|iPhone.ActiveCfg = Debug|Any CPU
		{6A58AD44-B322-4C63-AE93-91A2BD96431E}.Debug|iPhone.Build.0 = Debug|Any CPU
		{6A58AD44-B322-4C63-AE93-91A2BD96431E}.Debug|iPhoneSimulator.ActiveCfg = Debug|Any CPU
		{6A58AD44-B322-4C63-AE93-91A2BD96431E}.Debug|iPhoneSimulator.Build.0 = Debug|Any CPU
		{6A58AD44-B322-4C63-AE93-91A2BD96431E}.Debug|x64.ActiveCfg = Debug|Any CPU
		{6A58AD44-B322-4C63-AE93-91A2BD96431E}.Debug|x64.Build.0 = Debug|Any CPU
		{6A58AD44-B322-4C63-AE93-91A2BD96431E}.Debug|x86.ActiveCfg = Debug|Any CPU
		{6A58AD44-B322-4C63-AE93-91A2BD96431E}.Debug|x86.Build.0 = Debug|Any CPU
		{6A58AD44-B322-4C63-AE93-91A2BD96431E}.Release|Any CPU.ActiveCfg = Release|Any CPU
		{6A58AD44-B322-4C63-AE93-91A2BD96431E}.Release|Any CPU.Build.0 = Release|Any CPU
		{6A58AD44-B322-4C63-AE93-91A2BD96431E}.Release|ARM.ActiveCfg = Release|Any CPU
		{6A58AD44-B322-4C63-AE93-91A2BD96431E}.Release|ARM.Build.0 = Release|Any CPU
		{6A58AD44-B322-4C63-AE93-91A2BD96431E}.Release|iPhone.ActiveCfg = Release|Any CPU
		{6A58AD44-B322-4C63-AE93-91A2BD96431E}.Release|iPhone.Build.0 = Release|Any CPU
		{6A58AD44-B322-4C63-AE93-91A2BD96431E}.Release|iPhoneSimulator.ActiveCfg = Release|Any CPU
		{6A58AD44-B322-4C63-AE93-91A2BD96431E}.Release|iPhoneSimulator.Build.0 = Release|Any CPU
		{6A58AD44-B322-4C63-AE93-91A2BD96431E}.Release|x64.ActiveCfg = Release|Any CPU
		{6A58AD44-B322-4C63-AE93-91A2BD96431E}.Release|x64.Build.0 = Release|Any CPU
		{6A58AD44-B322-4C63-AE93-91A2BD96431E}.Release|x86.ActiveCfg = Release|Any CPU
		{6A58AD44-B322-4C63-AE93-91A2BD96431E}.Release|x86.Build.0 = Release|Any CPU
		{9D4299AC-9530-4CDF-8332-F32DDB88DA92}.Ad-Hoc|Any CPU.ActiveCfg = Release|Any CPU
		{9D4299AC-9530-4CDF-8332-F32DDB88DA92}.Ad-Hoc|Any CPU.Build.0 = Release|Any CPU
		{9D4299AC-9530-4CDF-8332-F32DDB88DA92}.Ad-Hoc|Any CPU.Deploy.0 = Release|Any CPU
		{9D4299AC-9530-4CDF-8332-F32DDB88DA92}.Ad-Hoc|ARM.ActiveCfg = Release|Any CPU
		{9D4299AC-9530-4CDF-8332-F32DDB88DA92}.Ad-Hoc|ARM.Build.0 = Release|Any CPU
		{9D4299AC-9530-4CDF-8332-F32DDB88DA92}.Ad-Hoc|ARM.Deploy.0 = Release|Any CPU
		{9D4299AC-9530-4CDF-8332-F32DDB88DA92}.Ad-Hoc|iPhone.ActiveCfg = Release|Any CPU
		{9D4299AC-9530-4CDF-8332-F32DDB88DA92}.Ad-Hoc|iPhone.Build.0 = Release|Any CPU
		{9D4299AC-9530-4CDF-8332-F32DDB88DA92}.Ad-Hoc|iPhone.Deploy.0 = Release|Any CPU
		{9D4299AC-9530-4CDF-8332-F32DDB88DA92}.Ad-Hoc|iPhoneSimulator.ActiveCfg = Release|Any CPU
		{9D4299AC-9530-4CDF-8332-F32DDB88DA92}.Ad-Hoc|iPhoneSimulator.Build.0 = Release|Any CPU
		{9D4299AC-9530-4CDF-8332-F32DDB88DA92}.Ad-Hoc|iPhoneSimulator.Deploy.0 = Release|Any CPU
		{9D4299AC-9530-4CDF-8332-F32DDB88DA92}.Ad-Hoc|x64.ActiveCfg = Release|Any CPU
		{9D4299AC-9530-4CDF-8332-F32DDB88DA92}.Ad-Hoc|x64.Build.0 = Release|Any CPU
		{9D4299AC-9530-4CDF-8332-F32DDB88DA92}.Ad-Hoc|x64.Deploy.0 = Release|Any CPU
		{9D4299AC-9530-4CDF-8332-F32DDB88DA92}.Ad-Hoc|x86.ActiveCfg = Release|Any CPU
		{9D4299AC-9530-4CDF-8332-F32DDB88DA92}.Ad-Hoc|x86.Build.0 = Release|Any CPU
		{9D4299AC-9530-4CDF-8332-F32DDB88DA92}.Ad-Hoc|x86.Deploy.0 = Release|Any CPU
		{9D4299AC-9530-4CDF-8332-F32DDB88DA92}.AppStore|Any CPU.ActiveCfg = Release|Any CPU
		{9D4299AC-9530-4CDF-8332-F32DDB88DA92}.AppStore|Any CPU.Build.0 = Release|Any CPU
		{9D4299AC-9530-4CDF-8332-F32DDB88DA92}.AppStore|Any CPU.Deploy.0 = Release|Any CPU
		{9D4299AC-9530-4CDF-8332-F32DDB88DA92}.AppStore|ARM.ActiveCfg = Release|Any CPU
		{9D4299AC-9530-4CDF-8332-F32DDB88DA92}.AppStore|ARM.Build.0 = Release|Any CPU
		{9D4299AC-9530-4CDF-8332-F32DDB88DA92}.AppStore|ARM.Deploy.0 = Release|Any CPU
		{9D4299AC-9530-4CDF-8332-F32DDB88DA92}.AppStore|iPhone.ActiveCfg = Release|Any CPU
		{9D4299AC-9530-4CDF-8332-F32DDB88DA92}.AppStore|iPhone.Build.0 = Release|Any CPU
		{9D4299AC-9530-4CDF-8332-F32DDB88DA92}.AppStore|iPhone.Deploy.0 = Release|Any CPU
		{9D4299AC-9530-4CDF-8332-F32DDB88DA92}.AppStore|iPhoneSimulator.ActiveCfg = Release|Any CPU
		{9D4299AC-9530-4CDF-8332-F32DDB88DA92}.AppStore|iPhoneSimulator.Build.0 = Release|Any CPU
		{9D4299AC-9530-4CDF-8332-F32DDB88DA92}.AppStore|iPhoneSimulator.Deploy.0 = Release|Any CPU
		{9D4299AC-9530-4CDF-8332-F32DDB88DA92}.AppStore|x64.ActiveCfg = Release|Any CPU
		{9D4299AC-9530-4CDF-8332-F32DDB88DA92}.AppStore|x64.Build.0 = Release|Any CPU
		{9D4299AC-9530-4CDF-8332-F32DDB88DA92}.AppStore|x64.Deploy.0 = Release|Any CPU
		{9D4299AC-9530-4CDF-8332-F32DDB88DA92}.AppStore|x86.ActiveCfg = Release|Any CPU
		{9D4299AC-9530-4CDF-8332-F32DDB88DA92}.AppStore|x86.Build.0 = Release|Any CPU
		{9D4299AC-9530-4CDF-8332-F32DDB88DA92}.AppStore|x86.Deploy.0 = Release|Any CPU
		{9D4299AC-9530-4CDF-8332-F32DDB88DA92}.Debug|Any CPU.ActiveCfg = Debug|Any CPU
		{9D4299AC-9530-4CDF-8332-F32DDB88DA92}.Debug|Any CPU.Build.0 = Debug|Any CPU
		{9D4299AC-9530-4CDF-8332-F32DDB88DA92}.Debug|Any CPU.Deploy.0 = Debug|Any CPU
		{9D4299AC-9530-4CDF-8332-F32DDB88DA92}.Debug|ARM.ActiveCfg = Debug|Any CPU
		{9D4299AC-9530-4CDF-8332-F32DDB88DA92}.Debug|ARM.Build.0 = Debug|Any CPU
		{9D4299AC-9530-4CDF-8332-F32DDB88DA92}.Debug|ARM.Deploy.0 = Debug|Any CPU
		{9D4299AC-9530-4CDF-8332-F32DDB88DA92}.Debug|iPhone.ActiveCfg = Debug|Any CPU
		{9D4299AC-9530-4CDF-8332-F32DDB88DA92}.Debug|iPhone.Build.0 = Debug|Any CPU
		{9D4299AC-9530-4CDF-8332-F32DDB88DA92}.Debug|iPhone.Deploy.0 = Debug|Any CPU
		{9D4299AC-9530-4CDF-8332-F32DDB88DA92}.Debug|iPhoneSimulator.ActiveCfg = Debug|Any CPU
		{9D4299AC-9530-4CDF-8332-F32DDB88DA92}.Debug|iPhoneSimulator.Build.0 = Debug|Any CPU
		{9D4299AC-9530-4CDF-8332-F32DDB88DA92}.Debug|iPhoneSimulator.Deploy.0 = Debug|Any CPU
		{9D4299AC-9530-4CDF-8332-F32DDB88DA92}.Debug|x64.ActiveCfg = Debug|Any CPU
		{9D4299AC-9530-4CDF-8332-F32DDB88DA92}.Debug|x64.Build.0 = Debug|Any CPU
		{9D4299AC-9530-4CDF-8332-F32DDB88DA92}.Debug|x64.Deploy.0 = Debug|Any CPU
		{9D4299AC-9530-4CDF-8332-F32DDB88DA92}.Debug|x86.ActiveCfg = Debug|Any CPU
		{9D4299AC-9530-4CDF-8332-F32DDB88DA92}.Debug|x86.Build.0 = Debug|Any CPU
		{9D4299AC-9530-4CDF-8332-F32DDB88DA92}.Debug|x86.Deploy.0 = Debug|Any CPU
		{9D4299AC-9530-4CDF-8332-F32DDB88DA92}.Release|Any CPU.ActiveCfg = Release|Any CPU
		{9D4299AC-9530-4CDF-8332-F32DDB88DA92}.Release|Any CPU.Build.0 = Release|Any CPU
		{9D4299AC-9530-4CDF-8332-F32DDB88DA92}.Release|Any CPU.Deploy.0 = Release|Any CPU
		{9D4299AC-9530-4CDF-8332-F32DDB88DA92}.Release|ARM.ActiveCfg = Release|Any CPU
		{9D4299AC-9530-4CDF-8332-F32DDB88DA92}.Release|ARM.Build.0 = Release|Any CPU
		{9D4299AC-9530-4CDF-8332-F32DDB88DA92}.Release|ARM.Deploy.0 = Release|Any CPU
		{9D4299AC-9530-4CDF-8332-F32DDB88DA92}.Release|iPhone.ActiveCfg = Release|Any CPU
		{9D4299AC-9530-4CDF-8332-F32DDB88DA92}.Release|iPhone.Build.0 = Release|Any CPU
		{9D4299AC-9530-4CDF-8332-F32DDB88DA92}.Release|iPhone.Deploy.0 = Release|Any CPU
		{9D4299AC-9530-4CDF-8332-F32DDB88DA92}.Release|iPhoneSimulator.ActiveCfg = Release|Any CPU
		{9D4299AC-9530-4CDF-8332-F32DDB88DA92}.Release|iPhoneSimulator.Build.0 = Release|Any CPU
		{9D4299AC-9530-4CDF-8332-F32DDB88DA92}.Release|iPhoneSimulator.Deploy.0 = Release|Any CPU
		{9D4299AC-9530-4CDF-8332-F32DDB88DA92}.Release|x64.ActiveCfg = Release|Any CPU
		{9D4299AC-9530-4CDF-8332-F32DDB88DA92}.Release|x64.Build.0 = Release|Any CPU
		{9D4299AC-9530-4CDF-8332-F32DDB88DA92}.Release|x64.Deploy.0 = Release|Any CPU
		{9D4299AC-9530-4CDF-8332-F32DDB88DA92}.Release|x86.ActiveCfg = Release|Any CPU
		{9D4299AC-9530-4CDF-8332-F32DDB88DA92}.Release|x86.Build.0 = Release|Any CPU
		{9D4299AC-9530-4CDF-8332-F32DDB88DA92}.Release|x86.Deploy.0 = Release|Any CPU
		{EED1FDBA-B90F-4C57-9841-D1C9DF042E80}.Ad-Hoc|Any CPU.ActiveCfg = Ad-Hoc|iPhone
		{EED1FDBA-B90F-4C57-9841-D1C9DF042E80}.Ad-Hoc|ARM.ActiveCfg = Ad-Hoc|iPhone
		{EED1FDBA-B90F-4C57-9841-D1C9DF042E80}.Ad-Hoc|iPhone.ActiveCfg = Ad-Hoc|iPhone
		{EED1FDBA-B90F-4C57-9841-D1C9DF042E80}.Ad-Hoc|iPhone.Build.0 = Ad-Hoc|iPhone
		{EED1FDBA-B90F-4C57-9841-D1C9DF042E80}.Ad-Hoc|iPhoneSimulator.ActiveCfg = Ad-Hoc|iPhoneSimulator
		{EED1FDBA-B90F-4C57-9841-D1C9DF042E80}.Ad-Hoc|iPhoneSimulator.Build.0 = Ad-Hoc|iPhoneSimulator
		{EED1FDBA-B90F-4C57-9841-D1C9DF042E80}.Ad-Hoc|x64.ActiveCfg = Ad-Hoc|iPhone
		{EED1FDBA-B90F-4C57-9841-D1C9DF042E80}.Ad-Hoc|x86.ActiveCfg = Ad-Hoc|iPhone
		{EED1FDBA-B90F-4C57-9841-D1C9DF042E80}.AppStore|Any CPU.ActiveCfg = AppStore|iPhone
		{EED1FDBA-B90F-4C57-9841-D1C9DF042E80}.AppStore|ARM.ActiveCfg = AppStore|iPhone
		{EED1FDBA-B90F-4C57-9841-D1C9DF042E80}.AppStore|iPhone.ActiveCfg = AppStore|iPhone
		{EED1FDBA-B90F-4C57-9841-D1C9DF042E80}.AppStore|iPhone.Build.0 = AppStore|iPhone
		{EED1FDBA-B90F-4C57-9841-D1C9DF042E80}.AppStore|iPhoneSimulator.ActiveCfg = AppStore|iPhoneSimulator
		{EED1FDBA-B90F-4C57-9841-D1C9DF042E80}.AppStore|iPhoneSimulator.Build.0 = AppStore|iPhoneSimulator
		{EED1FDBA-B90F-4C57-9841-D1C9DF042E80}.AppStore|x64.ActiveCfg = AppStore|iPhone
		{EED1FDBA-B90F-4C57-9841-D1C9DF042E80}.AppStore|x86.ActiveCfg = AppStore|iPhone
		{EED1FDBA-B90F-4C57-9841-D1C9DF042E80}.Debug|Any CPU.ActiveCfg = Debug|iPhone
		{EED1FDBA-B90F-4C57-9841-D1C9DF042E80}.Debug|ARM.ActiveCfg = Debug|iPhone
		{EED1FDBA-B90F-4C57-9841-D1C9DF042E80}.Debug|iPhone.ActiveCfg = Debug|iPhone
		{EED1FDBA-B90F-4C57-9841-D1C9DF042E80}.Debug|iPhone.Build.0 = Debug|iPhone
		{EED1FDBA-B90F-4C57-9841-D1C9DF042E80}.Debug|iPhoneSimulator.ActiveCfg = Debug|iPhoneSimulator
		{EED1FDBA-B90F-4C57-9841-D1C9DF042E80}.Debug|iPhoneSimulator.Build.0 = Debug|iPhoneSimulator
		{EED1FDBA-B90F-4C57-9841-D1C9DF042E80}.Debug|x64.ActiveCfg = Debug|iPhone
		{EED1FDBA-B90F-4C57-9841-D1C9DF042E80}.Debug|x86.ActiveCfg = Debug|iPhone
		{EED1FDBA-B90F-4C57-9841-D1C9DF042E80}.Release|Any CPU.ActiveCfg = Release|iPhone
		{EED1FDBA-B90F-4C57-9841-D1C9DF042E80}.Release|ARM.ActiveCfg = Release|iPhone
		{EED1FDBA-B90F-4C57-9841-D1C9DF042E80}.Release|iPhone.ActiveCfg = Release|iPhone
		{EED1FDBA-B90F-4C57-9841-D1C9DF042E80}.Release|iPhone.Build.0 = Release|iPhone
		{EED1FDBA-B90F-4C57-9841-D1C9DF042E80}.Release|iPhoneSimulator.ActiveCfg = Release|iPhoneSimulator
		{EED1FDBA-B90F-4C57-9841-D1C9DF042E80}.Release|iPhoneSimulator.Build.0 = Release|iPhoneSimulator
		{EED1FDBA-B90F-4C57-9841-D1C9DF042E80}.Release|x64.ActiveCfg = Release|iPhone
		{EED1FDBA-B90F-4C57-9841-D1C9DF042E80}.Release|x86.ActiveCfg = Release|iPhone
		{5831EEF9-893E-4D58-9088-8E666E725656}.Ad-Hoc|Any CPU.ActiveCfg = Release|Any CPU
		{5831EEF9-893E-4D58-9088-8E666E725656}.Ad-Hoc|Any CPU.Build.0 = Release|Any CPU
		{5831EEF9-893E-4D58-9088-8E666E725656}.Ad-Hoc|Any CPU.Deploy.0 = Release|Any CPU
		{5831EEF9-893E-4D58-9088-8E666E725656}.Ad-Hoc|ARM.ActiveCfg = Release|ARM
		{5831EEF9-893E-4D58-9088-8E666E725656}.Ad-Hoc|ARM.Build.0 = Release|ARM
		{5831EEF9-893E-4D58-9088-8E666E725656}.Ad-Hoc|ARM.Deploy.0 = Release|ARM
		{5831EEF9-893E-4D58-9088-8E666E725656}.Ad-Hoc|iPhone.ActiveCfg = Release|Any CPU
		{5831EEF9-893E-4D58-9088-8E666E725656}.Ad-Hoc|iPhone.Build.0 = Release|Any CPU
		{5831EEF9-893E-4D58-9088-8E666E725656}.Ad-Hoc|iPhone.Deploy.0 = Release|Any CPU
		{5831EEF9-893E-4D58-9088-8E666E725656}.Ad-Hoc|iPhoneSimulator.ActiveCfg = Release|Any CPU
		{5831EEF9-893E-4D58-9088-8E666E725656}.Ad-Hoc|iPhoneSimulator.Build.0 = Release|Any CPU
		{5831EEF9-893E-4D58-9088-8E666E725656}.Ad-Hoc|iPhoneSimulator.Deploy.0 = Release|Any CPU
		{5831EEF9-893E-4D58-9088-8E666E725656}.Ad-Hoc|x64.ActiveCfg = Release|Any CPU
		{5831EEF9-893E-4D58-9088-8E666E725656}.Ad-Hoc|x64.Build.0 = Release|Any CPU
		{5831EEF9-893E-4D58-9088-8E666E725656}.Ad-Hoc|x64.Deploy.0 = Release|Any CPU
		{5831EEF9-893E-4D58-9088-8E666E725656}.Ad-Hoc|x86.ActiveCfg = Release|x86
		{5831EEF9-893E-4D58-9088-8E666E725656}.Ad-Hoc|x86.Build.0 = Release|x86
		{5831EEF9-893E-4D58-9088-8E666E725656}.Ad-Hoc|x86.Deploy.0 = Release|x86
		{5831EEF9-893E-4D58-9088-8E666E725656}.AppStore|Any CPU.ActiveCfg = Release|Any CPU
		{5831EEF9-893E-4D58-9088-8E666E725656}.AppStore|Any CPU.Build.0 = Release|Any CPU
		{5831EEF9-893E-4D58-9088-8E666E725656}.AppStore|Any CPU.Deploy.0 = Release|Any CPU
		{5831EEF9-893E-4D58-9088-8E666E725656}.AppStore|ARM.ActiveCfg = Release|ARM
		{5831EEF9-893E-4D58-9088-8E666E725656}.AppStore|ARM.Build.0 = Release|ARM
		{5831EEF9-893E-4D58-9088-8E666E725656}.AppStore|ARM.Deploy.0 = Release|ARM
		{5831EEF9-893E-4D58-9088-8E666E725656}.AppStore|iPhone.ActiveCfg = Release|Any CPU
		{5831EEF9-893E-4D58-9088-8E666E725656}.AppStore|iPhone.Build.0 = Release|Any CPU
		{5831EEF9-893E-4D58-9088-8E666E725656}.AppStore|iPhone.Deploy.0 = Release|Any CPU
		{5831EEF9-893E-4D58-9088-8E666E725656}.AppStore|iPhoneSimulator.ActiveCfg = Release|Any CPU
		{5831EEF9-893E-4D58-9088-8E666E725656}.AppStore|iPhoneSimulator.Build.0 = Release|Any CPU
		{5831EEF9-893E-4D58-9088-8E666E725656}.AppStore|iPhoneSimulator.Deploy.0 = Release|Any CPU
		{5831EEF9-893E-4D58-9088-8E666E725656}.AppStore|x64.ActiveCfg = Release|Any CPU
		{5831EEF9-893E-4D58-9088-8E666E725656}.AppStore|x64.Build.0 = Release|Any CPU
		{5831EEF9-893E-4D58-9088-8E666E725656}.AppStore|x64.Deploy.0 = Release|Any CPU
		{5831EEF9-893E-4D58-9088-8E666E725656}.AppStore|x86.ActiveCfg = Release|x86
		{5831EEF9-893E-4D58-9088-8E666E725656}.AppStore|x86.Build.0 = Release|x86
		{5831EEF9-893E-4D58-9088-8E666E725656}.AppStore|x86.Deploy.0 = Release|x86
		{5831EEF9-893E-4D58-9088-8E666E725656}.Debug|Any CPU.ActiveCfg = Debug|Any CPU
		{5831EEF9-893E-4D58-9088-8E666E725656}.Debug|Any CPU.Build.0 = Debug|Any CPU
		{5831EEF9-893E-4D58-9088-8E666E725656}.Debug|Any CPU.Deploy.0 = Debug|Any CPU
		{5831EEF9-893E-4D58-9088-8E666E725656}.Debug|ARM.ActiveCfg = Debug|ARM
		{5831EEF9-893E-4D58-9088-8E666E725656}.Debug|ARM.Build.0 = Debug|ARM
		{5831EEF9-893E-4D58-9088-8E666E725656}.Debug|ARM.Deploy.0 = Debug|ARM
		{5831EEF9-893E-4D58-9088-8E666E725656}.Debug|iPhone.ActiveCfg = Debug|Any CPU
		{5831EEF9-893E-4D58-9088-8E666E725656}.Debug|iPhone.Build.0 = Debug|Any CPU
		{5831EEF9-893E-4D58-9088-8E666E725656}.Debug|iPhone.Deploy.0 = Debug|Any CPU
		{5831EEF9-893E-4D58-9088-8E666E725656}.Debug|iPhoneSimulator.ActiveCfg = Debug|Any CPU
		{5831EEF9-893E-4D58-9088-8E666E725656}.Debug|iPhoneSimulator.Build.0 = Debug|Any CPU
		{5831EEF9-893E-4D58-9088-8E666E725656}.Debug|iPhoneSimulator.Deploy.0 = Debug|Any CPU
		{5831EEF9-893E-4D58-9088-8E666E725656}.Debug|x64.ActiveCfg = Debug|Any CPU
		{5831EEF9-893E-4D58-9088-8E666E725656}.Debug|x64.Build.0 = Debug|Any CPU
		{5831EEF9-893E-4D58-9088-8E666E725656}.Debug|x64.Deploy.0 = Debug|Any CPU
		{5831EEF9-893E-4D58-9088-8E666E725656}.Debug|x86.ActiveCfg = Debug|x86
		{5831EEF9-893E-4D58-9088-8E666E725656}.Debug|x86.Build.0 = Debug|x86
		{5831EEF9-893E-4D58-9088-8E666E725656}.Debug|x86.Deploy.0 = Debug|x86
		{5831EEF9-893E-4D58-9088-8E666E725656}.Release|Any CPU.ActiveCfg = Release|Any CPU
		{5831EEF9-893E-4D58-9088-8E666E725656}.Release|Any CPU.Build.0 = Release|Any CPU
		{5831EEF9-893E-4D58-9088-8E666E725656}.Release|Any CPU.Deploy.0 = Release|Any CPU
		{5831EEF9-893E-4D58-9088-8E666E725656}.Release|ARM.ActiveCfg = Release|ARM
		{5831EEF9-893E-4D58-9088-8E666E725656}.Release|ARM.Build.0 = Release|ARM
		{5831EEF9-893E-4D58-9088-8E666E725656}.Release|ARM.Deploy.0 = Release|ARM
		{5831EEF9-893E-4D58-9088-8E666E725656}.Release|iPhone.ActiveCfg = Release|Any CPU
		{5831EEF9-893E-4D58-9088-8E666E725656}.Release|iPhone.Build.0 = Release|Any CPU
		{5831EEF9-893E-4D58-9088-8E666E725656}.Release|iPhone.Deploy.0 = Release|Any CPU
		{5831EEF9-893E-4D58-9088-8E666E725656}.Release|iPhoneSimulator.ActiveCfg = Release|Any CPU
		{5831EEF9-893E-4D58-9088-8E666E725656}.Release|iPhoneSimulator.Build.0 = Release|Any CPU
		{5831EEF9-893E-4D58-9088-8E666E725656}.Release|iPhoneSimulator.Deploy.0 = Release|Any CPU
		{5831EEF9-893E-4D58-9088-8E666E725656}.Release|x64.ActiveCfg = Release|Any CPU
		{5831EEF9-893E-4D58-9088-8E666E725656}.Release|x64.Build.0 = Release|Any CPU
		{5831EEF9-893E-4D58-9088-8E666E725656}.Release|x64.Deploy.0 = Release|Any CPU
		{5831EEF9-893E-4D58-9088-8E666E725656}.Release|x86.ActiveCfg = Release|x86
		{5831EEF9-893E-4D58-9088-8E666E725656}.Release|x86.Build.0 = Release|x86
		{5831EEF9-893E-4D58-9088-8E666E725656}.Release|x86.Deploy.0 = Release|x86
		{0F3BD59D-48DD-4675-BE65-7A1DB52C5839}.Ad-Hoc|Any CPU.ActiveCfg = Release|x86
		{0F3BD59D-48DD-4675-BE65-7A1DB52C5839}.Ad-Hoc|Any CPU.Build.0 = Release|x86
		{0F3BD59D-48DD-4675-BE65-7A1DB52C5839}.Ad-Hoc|Any CPU.Deploy.0 = Release|x86
		{0F3BD59D-48DD-4675-BE65-7A1DB52C5839}.Ad-Hoc|ARM.ActiveCfg = Release|ARM
		{0F3BD59D-48DD-4675-BE65-7A1DB52C5839}.Ad-Hoc|ARM.Build.0 = Release|ARM
		{0F3BD59D-48DD-4675-BE65-7A1DB52C5839}.Ad-Hoc|ARM.Deploy.0 = Release|ARM
		{0F3BD59D-48DD-4675-BE65-7A1DB52C5839}.Ad-Hoc|iPhone.ActiveCfg = Release|x86
		{0F3BD59D-48DD-4675-BE65-7A1DB52C5839}.Ad-Hoc|iPhone.Build.0 = Release|x86
		{0F3BD59D-48DD-4675-BE65-7A1DB52C5839}.Ad-Hoc|iPhone.Deploy.0 = Release|x86
		{0F3BD59D-48DD-4675-BE65-7A1DB52C5839}.Ad-Hoc|iPhoneSimulator.ActiveCfg = Release|x86
		{0F3BD59D-48DD-4675-BE65-7A1DB52C5839}.Ad-Hoc|iPhoneSimulator.Build.0 = Release|x86
		{0F3BD59D-48DD-4675-BE65-7A1DB52C5839}.Ad-Hoc|iPhoneSimulator.Deploy.0 = Release|x86
		{0F3BD59D-48DD-4675-BE65-7A1DB52C5839}.Ad-Hoc|x64.ActiveCfg = Release|x64
		{0F3BD59D-48DD-4675-BE65-7A1DB52C5839}.Ad-Hoc|x64.Build.0 = Release|x64
		{0F3BD59D-48DD-4675-BE65-7A1DB52C5839}.Ad-Hoc|x64.Deploy.0 = Release|x64
		{0F3BD59D-48DD-4675-BE65-7A1DB52C5839}.Ad-Hoc|x86.ActiveCfg = Release|x86
		{0F3BD59D-48DD-4675-BE65-7A1DB52C5839}.Ad-Hoc|x86.Build.0 = Release|x86
		{0F3BD59D-48DD-4675-BE65-7A1DB52C5839}.Ad-Hoc|x86.Deploy.0 = Release|x86
		{0F3BD59D-48DD-4675-BE65-7A1DB52C5839}.AppStore|Any CPU.ActiveCfg = Release|x86
		{0F3BD59D-48DD-4675-BE65-7A1DB52C5839}.AppStore|Any CPU.Build.0 = Release|x86
		{0F3BD59D-48DD-4675-BE65-7A1DB52C5839}.AppStore|Any CPU.Deploy.0 = Release|x86
		{0F3BD59D-48DD-4675-BE65-7A1DB52C5839}.AppStore|ARM.ActiveCfg = Release|ARM
		{0F3BD59D-48DD-4675-BE65-7A1DB52C5839}.AppStore|ARM.Build.0 = Release|ARM
		{0F3BD59D-48DD-4675-BE65-7A1DB52C5839}.AppStore|ARM.Deploy.0 = Release|ARM
		{0F3BD59D-48DD-4675-BE65-7A1DB52C5839}.AppStore|iPhone.ActiveCfg = Release|x86
		{0F3BD59D-48DD-4675-BE65-7A1DB52C5839}.AppStore|iPhone.Build.0 = Release|x86
		{0F3BD59D-48DD-4675-BE65-7A1DB52C5839}.AppStore|iPhone.Deploy.0 = Release|x86
		{0F3BD59D-48DD-4675-BE65-7A1DB52C5839}.AppStore|iPhoneSimulator.ActiveCfg = Release|x86
		{0F3BD59D-48DD-4675-BE65-7A1DB52C5839}.AppStore|iPhoneSimulator.Build.0 = Release|x86
		{0F3BD59D-48DD-4675-BE65-7A1DB52C5839}.AppStore|iPhoneSimulator.Deploy.0 = Release|x86
		{0F3BD59D-48DD-4675-BE65-7A1DB52C5839}.AppStore|x64.ActiveCfg = Release|x64
		{0F3BD59D-48DD-4675-BE65-7A1DB52C5839}.AppStore|x64.Build.0 = Release|x64
		{0F3BD59D-48DD-4675-BE65-7A1DB52C5839}.AppStore|x64.Deploy.0 = Release|x64
		{0F3BD59D-48DD-4675-BE65-7A1DB52C5839}.AppStore|x86.ActiveCfg = Release|x86
		{0F3BD59D-48DD-4675-BE65-7A1DB52C5839}.AppStore|x86.Build.0 = Release|x86
		{0F3BD59D-48DD-4675-BE65-7A1DB52C5839}.AppStore|x86.Deploy.0 = Release|x86
		{0F3BD59D-48DD-4675-BE65-7A1DB52C5839}.Debug|Any CPU.ActiveCfg = Debug|x86
		{0F3BD59D-48DD-4675-BE65-7A1DB52C5839}.Debug|ARM.ActiveCfg = Debug|ARM
		{0F3BD59D-48DD-4675-BE65-7A1DB52C5839}.Debug|ARM.Build.0 = Debug|ARM
		{0F3BD59D-48DD-4675-BE65-7A1DB52C5839}.Debug|ARM.Deploy.0 = Debug|ARM
		{0F3BD59D-48DD-4675-BE65-7A1DB52C5839}.Debug|iPhone.ActiveCfg = Debug|x86
		{0F3BD59D-48DD-4675-BE65-7A1DB52C5839}.Debug|iPhoneSimulator.ActiveCfg = Debug|x86
		{0F3BD59D-48DD-4675-BE65-7A1DB52C5839}.Debug|x64.ActiveCfg = Debug|x64
		{0F3BD59D-48DD-4675-BE65-7A1DB52C5839}.Debug|x64.Build.0 = Debug|x64
		{0F3BD59D-48DD-4675-BE65-7A1DB52C5839}.Debug|x64.Deploy.0 = Debug|x64
		{0F3BD59D-48DD-4675-BE65-7A1DB52C5839}.Debug|x86.ActiveCfg = Debug|x86
		{0F3BD59D-48DD-4675-BE65-7A1DB52C5839}.Debug|x86.Build.0 = Debug|x86
		{0F3BD59D-48DD-4675-BE65-7A1DB52C5839}.Debug|x86.Deploy.0 = Debug|x86
		{0F3BD59D-48DD-4675-BE65-7A1DB52C5839}.Release|Any CPU.ActiveCfg = Release|x86
		{0F3BD59D-48DD-4675-BE65-7A1DB52C5839}.Release|ARM.ActiveCfg = Release|ARM
		{0F3BD59D-48DD-4675-BE65-7A1DB52C5839}.Release|ARM.Build.0 = Release|ARM
		{0F3BD59D-48DD-4675-BE65-7A1DB52C5839}.Release|ARM.Deploy.0 = Release|ARM
		{0F3BD59D-48DD-4675-BE65-7A1DB52C5839}.Release|iPhone.ActiveCfg = Release|x86
		{0F3BD59D-48DD-4675-BE65-7A1DB52C5839}.Release|iPhoneSimulator.ActiveCfg = Release|x86
		{0F3BD59D-48DD-4675-BE65-7A1DB52C5839}.Release|x64.ActiveCfg = Release|x64
		{0F3BD59D-48DD-4675-BE65-7A1DB52C5839}.Release|x64.Build.0 = Release|x64
		{0F3BD59D-48DD-4675-BE65-7A1DB52C5839}.Release|x64.Deploy.0 = Release|x64
		{0F3BD59D-48DD-4675-BE65-7A1DB52C5839}.Release|x86.ActiveCfg = Release|x86
		{0F3BD59D-48DD-4675-BE65-7A1DB52C5839}.Release|x86.Build.0 = Release|x86
		{0F3BD59D-48DD-4675-BE65-7A1DB52C5839}.Release|x86.Deploy.0 = Release|x86
		{0E733887-F8C2-45D2-9AD3-4BC0CF02CD0D}.Ad-Hoc|Any CPU.ActiveCfg = Release|Any CPU
		{0E733887-F8C2-45D2-9AD3-4BC0CF02CD0D}.Ad-Hoc|Any CPU.Build.0 = Release|Any CPU
		{0E733887-F8C2-45D2-9AD3-4BC0CF02CD0D}.Ad-Hoc|Any CPU.Deploy.0 = Release|Any CPU
		{0E733887-F8C2-45D2-9AD3-4BC0CF02CD0D}.Ad-Hoc|ARM.ActiveCfg = Release|ARM
		{0E733887-F8C2-45D2-9AD3-4BC0CF02CD0D}.Ad-Hoc|ARM.Build.0 = Release|ARM
		{0E733887-F8C2-45D2-9AD3-4BC0CF02CD0D}.Ad-Hoc|ARM.Deploy.0 = Release|ARM
		{0E733887-F8C2-45D2-9AD3-4BC0CF02CD0D}.Ad-Hoc|iPhone.ActiveCfg = Release|Any CPU
		{0E733887-F8C2-45D2-9AD3-4BC0CF02CD0D}.Ad-Hoc|iPhone.Build.0 = Release|Any CPU
		{0E733887-F8C2-45D2-9AD3-4BC0CF02CD0D}.Ad-Hoc|iPhone.Deploy.0 = Release|Any CPU
		{0E733887-F8C2-45D2-9AD3-4BC0CF02CD0D}.Ad-Hoc|iPhoneSimulator.ActiveCfg = Release|Any CPU
		{0E733887-F8C2-45D2-9AD3-4BC0CF02CD0D}.Ad-Hoc|iPhoneSimulator.Build.0 = Release|Any CPU
		{0E733887-F8C2-45D2-9AD3-4BC0CF02CD0D}.Ad-Hoc|iPhoneSimulator.Deploy.0 = Release|Any CPU
		{0E733887-F8C2-45D2-9AD3-4BC0CF02CD0D}.Ad-Hoc|x64.ActiveCfg = Release|x64
		{0E733887-F8C2-45D2-9AD3-4BC0CF02CD0D}.Ad-Hoc|x64.Build.0 = Release|x64
		{0E733887-F8C2-45D2-9AD3-4BC0CF02CD0D}.Ad-Hoc|x64.Deploy.0 = Release|x64
		{0E733887-F8C2-45D2-9AD3-4BC0CF02CD0D}.Ad-Hoc|x86.ActiveCfg = Release|x86
		{0E733887-F8C2-45D2-9AD3-4BC0CF02CD0D}.Ad-Hoc|x86.Build.0 = Release|x86
		{0E733887-F8C2-45D2-9AD3-4BC0CF02CD0D}.Ad-Hoc|x86.Deploy.0 = Release|x86
		{0E733887-F8C2-45D2-9AD3-4BC0CF02CD0D}.AppStore|Any CPU.ActiveCfg = Release|Any CPU
		{0E733887-F8C2-45D2-9AD3-4BC0CF02CD0D}.AppStore|Any CPU.Build.0 = Release|Any CPU
		{0E733887-F8C2-45D2-9AD3-4BC0CF02CD0D}.AppStore|Any CPU.Deploy.0 = Release|Any CPU
		{0E733887-F8C2-45D2-9AD3-4BC0CF02CD0D}.AppStore|ARM.ActiveCfg = Release|ARM
		{0E733887-F8C2-45D2-9AD3-4BC0CF02CD0D}.AppStore|ARM.Build.0 = Release|ARM
		{0E733887-F8C2-45D2-9AD3-4BC0CF02CD0D}.AppStore|ARM.Deploy.0 = Release|ARM
		{0E733887-F8C2-45D2-9AD3-4BC0CF02CD0D}.AppStore|iPhone.ActiveCfg = Release|Any CPU
		{0E733887-F8C2-45D2-9AD3-4BC0CF02CD0D}.AppStore|iPhone.Build.0 = Release|Any CPU
		{0E733887-F8C2-45D2-9AD3-4BC0CF02CD0D}.AppStore|iPhone.Deploy.0 = Release|Any CPU
		{0E733887-F8C2-45D2-9AD3-4BC0CF02CD0D}.AppStore|iPhoneSimulator.ActiveCfg = Release|Any CPU
		{0E733887-F8C2-45D2-9AD3-4BC0CF02CD0D}.AppStore|iPhoneSimulator.Build.0 = Release|Any CPU
		{0E733887-F8C2-45D2-9AD3-4BC0CF02CD0D}.AppStore|iPhoneSimulator.Deploy.0 = Release|Any CPU
		{0E733887-F8C2-45D2-9AD3-4BC0CF02CD0D}.AppStore|x64.ActiveCfg = Release|x64
		{0E733887-F8C2-45D2-9AD3-4BC0CF02CD0D}.AppStore|x64.Build.0 = Release|x64
		{0E733887-F8C2-45D2-9AD3-4BC0CF02CD0D}.AppStore|x64.Deploy.0 = Release|x64
		{0E733887-F8C2-45D2-9AD3-4BC0CF02CD0D}.AppStore|x86.ActiveCfg = Release|x86
		{0E733887-F8C2-45D2-9AD3-4BC0CF02CD0D}.AppStore|x86.Build.0 = Release|x86
		{0E733887-F8C2-45D2-9AD3-4BC0CF02CD0D}.AppStore|x86.Deploy.0 = Release|x86
		{0E733887-F8C2-45D2-9AD3-4BC0CF02CD0D}.Debug|Any CPU.ActiveCfg = Debug|Any CPU
		{0E733887-F8C2-45D2-9AD3-4BC0CF02CD0D}.Debug|Any CPU.Build.0 = Debug|Any CPU
		{0E733887-F8C2-45D2-9AD3-4BC0CF02CD0D}.Debug|Any CPU.Deploy.0 = Debug|Any CPU
		{0E733887-F8C2-45D2-9AD3-4BC0CF02CD0D}.Debug|ARM.ActiveCfg = Debug|ARM
		{0E733887-F8C2-45D2-9AD3-4BC0CF02CD0D}.Debug|ARM.Build.0 = Debug|ARM
		{0E733887-F8C2-45D2-9AD3-4BC0CF02CD0D}.Debug|ARM.Deploy.0 = Debug|ARM
		{0E733887-F8C2-45D2-9AD3-4BC0CF02CD0D}.Debug|iPhone.ActiveCfg = Debug|Any CPU
		{0E733887-F8C2-45D2-9AD3-4BC0CF02CD0D}.Debug|iPhone.Build.0 = Debug|Any CPU
		{0E733887-F8C2-45D2-9AD3-4BC0CF02CD0D}.Debug|iPhone.Deploy.0 = Debug|Any CPU
		{0E733887-F8C2-45D2-9AD3-4BC0CF02CD0D}.Debug|iPhoneSimulator.ActiveCfg = Debug|Any CPU
		{0E733887-F8C2-45D2-9AD3-4BC0CF02CD0D}.Debug|iPhoneSimulator.Build.0 = Debug|Any CPU
		{0E733887-F8C2-45D2-9AD3-4BC0CF02CD0D}.Debug|iPhoneSimulator.Deploy.0 = Debug|Any CPU
		{0E733887-F8C2-45D2-9AD3-4BC0CF02CD0D}.Debug|x64.ActiveCfg = Debug|x64
		{0E733887-F8C2-45D2-9AD3-4BC0CF02CD0D}.Debug|x64.Build.0 = Debug|x64
		{0E733887-F8C2-45D2-9AD3-4BC0CF02CD0D}.Debug|x64.Deploy.0 = Debug|x64
		{0E733887-F8C2-45D2-9AD3-4BC0CF02CD0D}.Debug|x86.ActiveCfg = Debug|x86
		{0E733887-F8C2-45D2-9AD3-4BC0CF02CD0D}.Debug|x86.Build.0 = Debug|x86
		{0E733887-F8C2-45D2-9AD3-4BC0CF02CD0D}.Debug|x86.Deploy.0 = Debug|x86
		{0E733887-F8C2-45D2-9AD3-4BC0CF02CD0D}.Release|Any CPU.ActiveCfg = Release|Any CPU
		{0E733887-F8C2-45D2-9AD3-4BC0CF02CD0D}.Release|Any CPU.Build.0 = Release|Any CPU
		{0E733887-F8C2-45D2-9AD3-4BC0CF02CD0D}.Release|Any CPU.Deploy.0 = Release|Any CPU
		{0E733887-F8C2-45D2-9AD3-4BC0CF02CD0D}.Release|ARM.ActiveCfg = Release|ARM
		{0E733887-F8C2-45D2-9AD3-4BC0CF02CD0D}.Release|ARM.Build.0 = Release|ARM
		{0E733887-F8C2-45D2-9AD3-4BC0CF02CD0D}.Release|ARM.Deploy.0 = Release|ARM
		{0E733887-F8C2-45D2-9AD3-4BC0CF02CD0D}.Release|iPhone.ActiveCfg = Release|Any CPU
		{0E733887-F8C2-45D2-9AD3-4BC0CF02CD0D}.Release|iPhone.Build.0 = Release|Any CPU
		{0E733887-F8C2-45D2-9AD3-4BC0CF02CD0D}.Release|iPhone.Deploy.0 = Release|Any CPU
		{0E733887-F8C2-45D2-9AD3-4BC0CF02CD0D}.Release|iPhoneSimulator.ActiveCfg = Release|Any CPU
		{0E733887-F8C2-45D2-9AD3-4BC0CF02CD0D}.Release|iPhoneSimulator.Build.0 = Release|Any CPU
		{0E733887-F8C2-45D2-9AD3-4BC0CF02CD0D}.Release|iPhoneSimulator.Deploy.0 = Release|Any CPU
		{0E733887-F8C2-45D2-9AD3-4BC0CF02CD0D}.Release|x64.ActiveCfg = Release|x64
		{0E733887-F8C2-45D2-9AD3-4BC0CF02CD0D}.Release|x64.Build.0 = Release|x64
		{0E733887-F8C2-45D2-9AD3-4BC0CF02CD0D}.Release|x64.Deploy.0 = Release|x64
		{0E733887-F8C2-45D2-9AD3-4BC0CF02CD0D}.Release|x86.ActiveCfg = Release|x86
		{0E733887-F8C2-45D2-9AD3-4BC0CF02CD0D}.Release|x86.Build.0 = Release|x86
		{0E733887-F8C2-45D2-9AD3-4BC0CF02CD0D}.Release|x86.Deploy.0 = Release|x86
	EndGlobalSection
	GlobalSection(SolutionProperties) = preSolution
		HideSolutionNode = FALSE
	EndGlobalSection
EndGlobal
